
Microsoft Visual Studio Solution File, Format Version 12.00
# Visual Studio Version 17
VisualStudioVersion = 17.11.35222.181
MinimumVisualStudioVersion = 10.0.40219.1
Project("{2150E333-8FDC-42A3-9474-1A3956D46DE8}") = "Solution Items", "Solution Items", "{9ECAA3F7-EC92-463D-9D9A-EAEC07A7324B}"
	ProjectSection(SolutionItems) = preProject
		.dockerignore = .dockerignore
		.editorconfig = .editorconfig
		.gitignore = .gitignore
	EndProjectSection
EndProject
Project("{2150E333-8FDC-42A3-9474-1A3956D46DE8}") = "src", "src", "{AA60F49C-B6F0-46C6-A13A-7C2341C21CE2}"
EndProject
Project("{2150E333-8FDC-42A3-9474-1A3956D46DE8}") = "API", "API", "{55005532-CC88-4C3C-B4B7-808C820B26F2}"
EndProject
Project("{2150E333-8FDC-42A3-9474-1A3956D46DE8}") = "Modules", "Modules", "{AB67035A-4029-4854-BE6D-BF0BB7B2F093}"
EndProject
Project("{2150E333-8FDC-42A3-9474-1A3956D46DE8}") = "Events", "Events", "{182296AF-2987-4D85-9BF4-63A3C7FF5503}"
EndProject
Project("{9A19103F-16F7-4668-BE54-9A1E7A4F7556}") = "Evently.Api", "Evently.Api\Evently.Api.csproj", "{1FFBA30A-40A1-4D9D-965C-3C24C075AAB7}"
EndProject
Project("{E53339B2-1760-4266-BCC7-CA923CBCF16C}") = "docker-compose", "docker-compose.dcproj", "{ED9A75D7-5FF1-40C9-9F54-42791C5F63EE}"
EndProject
Project("{9A19103F-16F7-4668-BE54-9A1E7A4F7556}") = "Evently.Modules.Events.Application", "Evently.Modules.Events.Application\Evently.Modules.Events.Application.csproj", "{2F8547BB-CD54-40D6-B9BE-3B8B9DB1D1D0}"
EndProject
Project("{9A19103F-16F7-4668-BE54-9A1E7A4F7556}") = "Evently.Modules.Events.Infrastructure", "Evently.Modules.Events.Infrastructure\Evently.Modules.Events.Infrastructure.csproj", "{D7502BB6-F9D7-488F-864C-F7244A24E119}"
EndProject
Project("{9A19103F-16F7-4668-BE54-9A1E7A4F7556}") = "Evently.Modules.Events.Presentation", "Evently.Modules.Events.Presentation\Evently.Modules.Events.Presentation.csproj", "{B4783392-1296-45F3-ABC4-D7B1EE65130F}"
EndProject
Project("{9A19103F-16F7-4668-BE54-9A1E7A4F7556}") = "Evently.Modules.Events.Domain", "Evently.Modules.Events.Domain\Evently.Modules.Events.Domain.csproj", "{DC67139D-9D2E-47F1-ABD7-3EAEEBFE1A39}"
EndProject
Project("{2150E333-8FDC-42A3-9474-1A3956D46DE8}") = "Common", "Common", "{8221057F-2BBC-49A4-BF06-35E1B2A587AC}"
EndProject
Project("{9A19103F-16F7-4668-BE54-9A1E7A4F7556}") = "Evently.Common.Application", "Evently.Common.Application\Evently.Common.Application.csproj", "{A3D92920-E883-45FD-85CE-299846665376}"
EndProject
Project("{9A19103F-16F7-4668-BE54-9A1E7A4F7556}") = "Evently.Modules.Events.Api", "Evently.Modules.Events.Api\Evently.Modules.Events.Api.csproj", "{D2325792-9A34-420F-97BC-D660DFF97058}"
EndProject
Project("{9A19103F-16F7-4668-BE54-9A1E7A4F7556}") = "Evently.Common.Domain", "Evently.Common.Domain\Evently.Common.Domain.csproj", "{362A64DF-A920-4C46-9B0F-6031E0131D5C}"
EndProject
Project("{9A19103F-16F7-4668-BE54-9A1E7A4F7556}") = "Evently.Common.Infrastructure", "Evently.Common.Infrastructure\Evently.Common.Infrastructure.csproj", "{57511BF2-D2CB-4113-8688-3E9630FC13EB}"
EndProject
Project("{9A19103F-16F7-4668-BE54-9A1E7A4F7556}") = "Evently.Common.Presentation", "Evently.Common.Presentation\Evently.Common.Presentation.csproj", "{0C357608-B7F4-4C31-88D6-12EEA97AC24C}"
EndProject
Project("{2150E333-8FDC-42A3-9474-1A3956D46DE8}") = "Users", "Users", "{10FB3B34-B8FD-4291-A3DB-DC04281B6CC2}"
EndProject
Project("{9A19103F-16F7-4668-BE54-9A1E7A4F7556}") = "Evently.Modules.Users.Application", "Evently.Modules.Users.Application\Evently.Modules.Users.Application.csproj", "{A26904A6-CD99-4D5F-9464-7B92165D5E54}"
EndProject
Project("{9A19103F-16F7-4668-BE54-9A1E7A4F7556}") = "Evently.Modules.Users.Domain", "Evently.Modules.Users.Domain\Evently.Modules.Users.Domain.csproj", "{846B3849-8F30-4DE6-9C52-2B8B704C2C80}"
EndProject
Project("{9A19103F-16F7-4668-BE54-9A1E7A4F7556}") = "Evently.Modules.Users.Infrastructure", "Evently.Modules.Users.Infrastructure\Evently.Modules.Users.Infrastructure.csproj", "{A4DE0197-B9CF-4227-AC54-CA39AA189B95}"
EndProject
Project("{9A19103F-16F7-4668-BE54-9A1E7A4F7556}") = "Evently.Modules.Users.Presentation", "Evently.Modules.Users.Presentation\Evently.Modules.Users.Presentation.csproj", "{76444E27-BF5C-4B5E-9AAB-50FB55783CC5}"
EndProject
Project("{2150E333-8FDC-42A3-9474-1A3956D46DE8}") = "Ticketing", "Ticketing", "{88771DA4-4D36-4DF4-A213-B38EF2A6049A}"
EndProject
Project("{9A19103F-16F7-4668-BE54-9A1E7A4F7556}") = "Evently.Modules.Ticketing.Presentation", "Evently.Modules.Ticketing.Presentation\Evently.Modules.Ticketing.Presentation.csproj", "{3E428DD4-25CA-4204-844D-4A768D5D8E66}"
EndProject
Project("{9A19103F-16F7-4668-BE54-9A1E7A4F7556}") = "Evently.Modules.Ticketing.Application", "Evently.Modules.Ticketing.Application\Evently.Modules.Ticketing.Application.csproj", "{C7B36985-448F-4504-942C-820D6C062352}"
EndProject
Project("{9A19103F-16F7-4668-BE54-9A1E7A4F7556}") = "Evently.Modules.Ticketing.Domain", "Evently.Modules.Ticketing.Domain\Evently.Modules.Ticketing.Domain.csproj", "{B1FA8CDE-C94D-4272-8113-9DA1276AC098}"
EndProject
Project("{9A19103F-16F7-4668-BE54-9A1E7A4F7556}") = "Evently.Modules.Ticketing.Infrastructure", "Evently.Modules.Ticketing.Infrastructure\Evently.Modules.Ticketing.Infrastructure.csproj", "{9A3E1670-0EA9-4E19-BB6E-772370E4BF06}"
EndProject
Project("{FAE04EC0-301F-11D3-BF4B-00C04F79EFBC}") = "Evently.Modules.Users.PublicApi", "Evently.Modules.Users.PublicApi\Evently.Modules.Users.PublicApi.csproj", "{CB0A3450-8156-41EB-9CA2-5BBFB278A977}"
EndProject
Project("{FAE04EC0-301F-11D3-BF4B-00C04F79EFBC}") = "Evently.Modules.Events.PublicApi", "..\Evently.Modules.Events.PublicApi\Evently.Modules.Events.PublicApi.csproj", "{ABD6001E-69ED-4C8D-972B-E2090FA80F16}"
EndProject
Global
	GlobalSection(SolutionConfigurationPlatforms) = preSolution
		Debug|Any CPU = Debug|Any CPU
		Release|Any CPU = Release|Any CPU
	EndGlobalSection
	GlobalSection(ProjectConfigurationPlatforms) = postSolution
		{1FFBA30A-40A1-4D9D-965C-3C24C075AAB7}.Debug|Any CPU.ActiveCfg = Debug|Any CPU
		{1FFBA30A-40A1-4D9D-965C-3C24C075AAB7}.Debug|Any CPU.Build.0 = Debug|Any CPU
		{1FFBA30A-40A1-4D9D-965C-3C24C075AAB7}.Release|Any CPU.ActiveCfg = Release|Any CPU
		{1FFBA30A-40A1-4D9D-965C-3C24C075AAB7}.Release|Any CPU.Build.0 = Release|Any CPU
		{ED9A75D7-5FF1-40C9-9F54-42791C5F63EE}.Debug|Any CPU.ActiveCfg = Debug|Any CPU
		{ED9A75D7-5FF1-40C9-9F54-42791C5F63EE}.Debug|Any CPU.Build.0 = Debug|Any CPU
		{ED9A75D7-5FF1-40C9-9F54-42791C5F63EE}.Release|Any CPU.ActiveCfg = Release|Any CPU
		{ED9A75D7-5FF1-40C9-9F54-42791C5F63EE}.Release|Any CPU.Build.0 = Release|Any CPU
		{2F8547BB-CD54-40D6-B9BE-3B8B9DB1D1D0}.Debug|Any CPU.ActiveCfg = Debug|Any CPU
		{2F8547BB-CD54-40D6-B9BE-3B8B9DB1D1D0}.Debug|Any CPU.Build.0 = Debug|Any CPU
		{2F8547BB-CD54-40D6-B9BE-3B8B9DB1D1D0}.Release|Any CPU.ActiveCfg = Release|Any CPU
		{2F8547BB-CD54-40D6-B9BE-3B8B9DB1D1D0}.Release|Any CPU.Build.0 = Release|Any CPU
		{D7502BB6-F9D7-488F-864C-F7244A24E119}.Debug|Any CPU.ActiveCfg = Debug|Any CPU
		{D7502BB6-F9D7-488F-864C-F7244A24E119}.Debug|Any CPU.Build.0 = Debug|Any CPU
		{D7502BB6-F9D7-488F-864C-F7244A24E119}.Release|Any CPU.ActiveCfg = Release|Any CPU
		{D7502BB6-F9D7-488F-864C-F7244A24E119}.Release|Any CPU.Build.0 = Release|Any CPU
		{B4783392-1296-45F3-ABC4-D7B1EE65130F}.Debug|Any CPU.ActiveCfg = Debug|Any CPU
		{B4783392-1296-45F3-ABC4-D7B1EE65130F}.Debug|Any CPU.Build.0 = Debug|Any CPU
		{B4783392-1296-45F3-ABC4-D7B1EE65130F}.Release|Any CPU.ActiveCfg = Release|Any CPU
		{B4783392-1296-45F3-ABC4-D7B1EE65130F}.Release|Any CPU.Build.0 = Release|Any CPU
		{DC67139D-9D2E-47F1-ABD7-3EAEEBFE1A39}.Debug|Any CPU.ActiveCfg = Debug|Any CPU
		{DC67139D-9D2E-47F1-ABD7-3EAEEBFE1A39}.Debug|Any CPU.Build.0 = Debug|Any CPU
		{DC67139D-9D2E-47F1-ABD7-3EAEEBFE1A39}.Release|Any CPU.ActiveCfg = Release|Any CPU
		{DC67139D-9D2E-47F1-ABD7-3EAEEBFE1A39}.Release|Any CPU.Build.0 = Release|Any CPU
		{A3D92920-E883-45FD-85CE-299846665376}.Debug|Any CPU.ActiveCfg = Debug|Any CPU
		{A3D92920-E883-45FD-85CE-299846665376}.Debug|Any CPU.Build.0 = Debug|Any CPU
		{A3D92920-E883-45FD-85CE-299846665376}.Release|Any CPU.ActiveCfg = Release|Any CPU
		{A3D92920-E883-45FD-85CE-299846665376}.Release|Any CPU.Build.0 = Release|Any CPU
		{D2325792-9A34-420F-97BC-D660DFF97058}.Debug|Any CPU.ActiveCfg = Debug|Any CPU
		{D2325792-9A34-420F-97BC-D660DFF97058}.Debug|Any CPU.Build.0 = Debug|Any CPU
		{D2325792-9A34-420F-97BC-D660DFF97058}.Release|Any CPU.ActiveCfg = Release|Any CPU
		{D2325792-9A34-420F-97BC-D660DFF97058}.Release|Any CPU.Build.0 = Release|Any CPU
		{362A64DF-A920-4C46-9B0F-6031E0131D5C}.Debug|Any CPU.ActiveCfg = Debug|Any CPU
		{362A64DF-A920-4C46-9B0F-6031E0131D5C}.Debug|Any CPU.Build.0 = Debug|Any CPU
		{362A64DF-A920-4C46-9B0F-6031E0131D5C}.Release|Any CPU.ActiveCfg = Release|Any CPU
		{362A64DF-A920-4C46-9B0F-6031E0131D5C}.Release|Any CPU.Build.0 = Release|Any CPU
		{57511BF2-D2CB-4113-8688-3E9630FC13EB}.Debug|Any CPU.ActiveCfg = Debug|Any CPU
		{57511BF2-D2CB-4113-8688-3E9630FC13EB}.Debug|Any CPU.Build.0 = Debug|Any CPU
		{57511BF2-D2CB-4113-8688-3E9630FC13EB}.Release|Any CPU.ActiveCfg = Release|Any CPU
		{57511BF2-D2CB-4113-8688-3E9630FC13EB}.Release|Any CPU.Build.0 = Release|Any CPU
		{0C357608-B7F4-4C31-88D6-12EEA97AC24C}.Debug|Any CPU.ActiveCfg = Debug|Any CPU
		{0C357608-B7F4-4C31-88D6-12EEA97AC24C}.Debug|Any CPU.Build.0 = Debug|Any CPU
		{0C357608-B7F4-4C31-88D6-12EEA97AC24C}.Release|Any CPU.ActiveCfg = Release|Any CPU
		{0C357608-B7F4-4C31-88D6-12EEA97AC24C}.Release|Any CPU.Build.0 = Release|Any CPU
		{A26904A6-CD99-4D5F-9464-7B92165D5E54}.Debug|Any CPU.ActiveCfg = Debug|Any CPU
		{A26904A6-CD99-4D5F-9464-7B92165D5E54}.Debug|Any CPU.Build.0 = Debug|Any CPU
		{A26904A6-CD99-4D5F-9464-7B92165D5E54}.Release|Any CPU.ActiveCfg = Release|Any CPU
		{A26904A6-CD99-4D5F-9464-7B92165D5E54}.Release|Any CPU.Build.0 = Release|Any CPU
		{846B3849-8F30-4DE6-9C52-2B8B704C2C80}.Debug|Any CPU.ActiveCfg = Debug|Any CPU
		{846B3849-8F30-4DE6-9C52-2B8B704C2C80}.Debug|Any CPU.Build.0 = Debug|Any CPU
		{846B3849-8F30-4DE6-9C52-2B8B704C2C80}.Release|Any CPU.ActiveCfg = Release|Any CPU
		{846B3849-8F30-4DE6-9C52-2B8B704C2C80}.Release|Any CPU.Build.0 = Release|Any CPU
		{A4DE0197-B9CF-4227-AC54-CA39AA189B95}.Debug|Any CPU.ActiveCfg = Debug|Any CPU
		{A4DE0197-B9CF-4227-AC54-CA39AA189B95}.Debug|Any CPU.Build.0 = Debug|Any CPU
		{A4DE0197-B9CF-4227-AC54-CA39AA189B95}.Release|Any CPU.ActiveCfg = Release|Any CPU
		{A4DE0197-B9CF-4227-AC54-CA39AA189B95}.Release|Any CPU.Build.0 = Release|Any CPU
		{76444E27-BF5C-4B5E-9AAB-50FB55783CC5}.Debug|Any CPU.ActiveCfg = Debug|Any CPU
		{76444E27-BF5C-4B5E-9AAB-50FB55783CC5}.Debug|Any CPU.Build.0 = Debug|Any CPU
		{76444E27-BF5C-4B5E-9AAB-50FB55783CC5}.Release|Any CPU.ActiveCfg = Release|Any CPU
		{76444E27-BF5C-4B5E-9AAB-50FB55783CC5}.Release|Any CPU.Build.0 = Release|Any CPU
		{3E428DD4-25CA-4204-844D-4A768D5D8E66}.Debug|Any CPU.ActiveCfg = Debug|Any CPU
		{3E428DD4-25CA-4204-844D-4A768D5D8E66}.Debug|Any CPU.Build.0 = Debug|Any CPU
		{3E428DD4-25CA-4204-844D-4A768D5D8E66}.Release|Any CPU.ActiveCfg = Release|Any CPU
		{3E428DD4-25CA-4204-844D-4A768D5D8E66}.Release|Any CPU.Build.0 = Release|Any CPU
		{C7B36985-448F-4504-942C-820D6C062352}.Debug|Any CPU.ActiveCfg = Debug|Any CPU
		{C7B36985-448F-4504-942C-820D6C062352}.Debug|Any CPU.Build.0 = Debug|Any CPU
		{C7B36985-448F-4504-942C-820D6C062352}.Release|Any CPU.ActiveCfg = Release|Any CPU
		{C7B36985-448F-4504-942C-820D6C062352}.Release|Any CPU.Build.0 = Release|Any CPU
		{B1FA8CDE-C94D-4272-8113-9DA1276AC098}.Debug|Any CPU.ActiveCfg = Debug|Any CPU
		{B1FA8CDE-C94D-4272-8113-9DA1276AC098}.Debug|Any CPU.Build.0 = Debug|Any CPU
		{B1FA8CDE-C94D-4272-8113-9DA1276AC098}.Release|Any CPU.ActiveCfg = Release|Any CPU
		{B1FA8CDE-C94D-4272-8113-9DA1276AC098}.Release|Any CPU.Build.0 = Release|Any CPU
		{9A3E1670-0EA9-4E19-BB6E-772370E4BF06}.Debug|Any CPU.ActiveCfg = Debug|Any CPU
		{9A3E1670-0EA9-4E19-BB6E-772370E4BF06}.Debug|Any CPU.Build.0 = Debug|Any CPU
		{9A3E1670-0EA9-4E19-BB6E-772370E4BF06}.Release|Any CPU.ActiveCfg = Release|Any CPU
		{9A3E1670-0EA9-4E19-BB6E-772370E4BF06}.Release|Any CPU.Build.0 = Release|Any CPU
		{CB0A3450-8156-41EB-9CA2-5BBFB278A977}.Debug|Any CPU.ActiveCfg = Debug|Any CPU
		{CB0A3450-8156-41EB-9CA2-5BBFB278A977}.Debug|Any CPU.Build.0 = Debug|Any CPU
		{CB0A3450-8156-41EB-9CA2-5BBFB278A977}.Release|Any CPU.ActiveCfg = Release|Any CPU
		{CB0A3450-8156-41EB-9CA2-5BBFB278A977}.Release|Any CPU.Build.0 = Release|Any CPU
		{ABD6001E-69ED-4C8D-972B-E2090FA80F16}.Debug|Any CPU.ActiveCfg = Debug|Any CPU
		{ABD6001E-69ED-4C8D-972B-E2090FA80F16}.Debug|Any CPU.Build.0 = Debug|Any CPU
		{ABD6001E-69ED-4C8D-972B-E2090FA80F16}.Release|Any CPU.ActiveCfg = Release|Any CPU
		{ABD6001E-69ED-4C8D-972B-E2090FA80F16}.Release|Any CPU.Build.0 = Release|Any CPU
	EndGlobalSection
	GlobalSection(SolutionProperties) = preSolution
		HideSolutionNode = FALSE
	EndGlobalSection
	GlobalSection(NestedProjects) = preSolution
		{55005532-CC88-4C3C-B4B7-808C820B26F2} = {AA60F49C-B6F0-46C6-A13A-7C2341C21CE2}
		{AB67035A-4029-4854-BE6D-BF0BB7B2F093} = {AA60F49C-B6F0-46C6-A13A-7C2341C21CE2}
		{182296AF-2987-4D85-9BF4-63A3C7FF5503} = {AB67035A-4029-4854-BE6D-BF0BB7B2F093}
		{1FFBA30A-40A1-4D9D-965C-3C24C075AAB7} = {55005532-CC88-4C3C-B4B7-808C820B26F2}
		{2F8547BB-CD54-40D6-B9BE-3B8B9DB1D1D0} = {182296AF-2987-4D85-9BF4-63A3C7FF5503}
		{D7502BB6-F9D7-488F-864C-F7244A24E119} = {182296AF-2987-4D85-9BF4-63A3C7FF5503}
		{B4783392-1296-45F3-ABC4-D7B1EE65130F} = {182296AF-2987-4D85-9BF4-63A3C7FF5503}
		{DC67139D-9D2E-47F1-ABD7-3EAEEBFE1A39} = {182296AF-2987-4D85-9BF4-63A3C7FF5503}
		{8221057F-2BBC-49A4-BF06-35E1B2A587AC} = {AA60F49C-B6F0-46C6-A13A-7C2341C21CE2}
		{A3D92920-E883-45FD-85CE-299846665376} = {8221057F-2BBC-49A4-BF06-35E1B2A587AC}
		{362A64DF-A920-4C46-9B0F-6031E0131D5C} = {8221057F-2BBC-49A4-BF06-35E1B2A587AC}
		{57511BF2-D2CB-4113-8688-3E9630FC13EB} = {8221057F-2BBC-49A4-BF06-35E1B2A587AC}
		{0C357608-B7F4-4C31-88D6-12EEA97AC24C} = {8221057F-2BBC-49A4-BF06-35E1B2A587AC}
		{10FB3B34-B8FD-4291-A3DB-DC04281B6CC2} = {AB67035A-4029-4854-BE6D-BF0BB7B2F093}
		{A26904A6-CD99-4D5F-9464-7B92165D5E54} = {10FB3B34-B8FD-4291-A3DB-DC04281B6CC2}
		{846B3849-8F30-4DE6-9C52-2B8B704C2C80} = {10FB3B34-B8FD-4291-A3DB-DC04281B6CC2}
		{A4DE0197-B9CF-4227-AC54-CA39AA189B95} = {10FB3B34-B8FD-4291-A3DB-DC04281B6CC2}
		{76444E27-BF5C-4B5E-9AAB-50FB55783CC5} = {10FB3B34-B8FD-4291-A3DB-DC04281B6CC2}
		{88771DA4-4D36-4DF4-A213-B38EF2A6049A} = {AB67035A-4029-4854-BE6D-BF0BB7B2F093}
		{3E428DD4-25CA-4204-844D-4A768D5D8E66} = {88771DA4-4D36-4DF4-A213-B38EF2A6049A}
		{C7B36985-448F-4504-942C-820D6C062352} = {88771DA4-4D36-4DF4-A213-B38EF2A6049A}
		{B1FA8CDE-C94D-4272-8113-9DA1276AC098} = {88771DA4-4D36-4DF4-A213-B38EF2A6049A}
		{9A3E1670-0EA9-4E19-BB6E-772370E4BF06} = {88771DA4-4D36-4DF4-A213-B38EF2A6049A}
		{CB0A3450-8156-41EB-9CA2-5BBFB278A977} = {10FB3B34-B8FD-4291-A3DB-DC04281B6CC2}
		{ABD6001E-69ED-4C8D-972B-E2090FA80F16} = {182296AF-2987-4D85-9BF4-63A3C7FF5503}
	EndGlobalSection
	GlobalSection(ExtensibilityGlobals) = postSolution
		SolutionGuid = {B209CD91-6C32-4125-AA49-451526720566}
	EndGlobalSection
EndGlobal
